
Microsoft Visual Studio Solution File, Format Version 12.00
# Visual Studio Version 17
VisualStudioVersion = 17.1.32228.430
MinimumVisualStudioVersion = 10.0.40219.1
Project("{2150E333-8FDC-42A3-9474-1A3956D46DE8}") = "src", "src", "{922D7DF2-F45E-4D41-9287-DC3F6A447671}"
EndProject
Project("{9A19103F-16F7-4668-BE54-9A1E7A4F7556}") = "DependabotHelper", "src\DependabotHelper\DependabotHelper.csproj", "{6C11D0A1-877D-462E-90D6-9E0512256FC2}"
EndProject
Project("{2150E333-8FDC-42A3-9474-1A3956D46DE8}") = "tests", "tests", "{FD791692-13A5-47D7-ACEB-4B0B336B359D}"
EndProject
Project("{9A19103F-16F7-4668-BE54-9A1E7A4F7556}") = "DependabotHelper.Tests", "tests\DependabotHelper.Tests\DependabotHelper.Tests.csproj", "{43392602-CB9C-4CF1-95E2-8A3404B5F40E}"
EndProject
Project("{2150E333-8FDC-42A3-9474-1A3956D46DE8}") = "Solution Items", "Solution Items", "{2808D3E0-7B58-4A2A-95BE-8027C4ED9918}"
	ProjectSection(SolutionItems) = preProject
		.editorconfig = .editorconfig
		.gitattributes = .gitattributes
		.gitignore = .gitignore
		.vsconfig = .vsconfig
		build.ps1 = build.ps1
		CODE_OF_CONDUCT.md = CODE_OF_CONDUCT.md
		DependabotHelper.ruleset = DependabotHelper.ruleset
		Directory.Build.props = Directory.Build.props
		Directory.Build.targets = Directory.Build.targets
		Directory.Packages.props = Directory.Packages.props
		exclusion.dic = exclusion.dic
		global.json = global.json
		LICENSE = LICENSE
		NuGet.config = NuGet.config
		omnisharp.json = omnisharp.json
		README.md = README.md
		startvs.cmd = startvs.cmd
		startvscode.cmd = startvscode.cmd
		stylecop.json = stylecop.json
	EndProjectSection
EndProject
Project("{2150E333-8FDC-42A3-9474-1A3956D46DE8}") = ".github", ".github", "{6BE67078-7233-42C0-80F9-CE4BFD2DCD6D}"
	ProjectSection(SolutionItems) = preProject
		.github\CONTRIBUTING.md = .github\CONTRIBUTING.md
		.github\dependabot.yml = .github\dependabot.yml
		.github\FUNDING.yml = .github\FUNDING.yml
		.github\ISSUE_TEMPLATE.md = .github\ISSUE_TEMPLATE.md
		.github\PULL_REQUEST_TEMPLATE.md = .github\PULL_REQUEST_TEMPLATE.md
	EndProjectSection
EndProject
Project("{2150E333-8FDC-42A3-9474-1A3956D46DE8}") = "workflows", "workflows", "{420A66E9-DD98-499A-8675-A1F1248C8D50}"
	ProjectSection(SolutionItems) = preProject
		.github\workflows\build.yml = .github\workflows\build.yml
		.github\workflows\codeql.yml = .github\workflows\codeql.yml
		.github\workflows\dependency-review.yml = .github\workflows\dependency-review.yml
		.github\workflows\lighthouse.yml = .github\workflows\lighthouse.yml
		.github\workflows\lint.yml = .github\workflows\lint.yml
		.github\workflows\ossf-scorecard.yml = .github\workflows\ossf-scorecard.yml
	EndProjectSection
EndProject
Project("{2150E333-8FDC-42A3-9474-1A3956D46DE8}") = ".vscode", ".vscode", "{DCA9533A-97AA-45FB-8BED-6F81CE1962EC}"
	ProjectSection(SolutionItems) = preProject
		.vscode\extensions.json = .vscode\extensions.json
		.vscode\launch.json = .vscode\launch.json
		.vscode\settings.json = .vscode\settings.json
		.vscode\tasks.json = .vscode\tasks.json
	EndProjectSection
EndProject
Project("{2150E333-8FDC-42A3-9474-1A3956D46DE8}") = "ISSUE_TEMPLATE", "ISSUE_TEMPLATE", "{870BF5AC-0761-458C-B3DB-572420BC562B}"
	ProjectSection(SolutionItems) = preProject
		.github\ISSUE_TEMPLATE\bug_report.md = .github\ISSUE_TEMPLATE\bug_report.md
		.github\ISSUE_TEMPLATE\config.yml = .github\ISSUE_TEMPLATE\config.yml
		.github\ISSUE_TEMPLATE\feature_request.md = .github\ISSUE_TEMPLATE\feature_request.md
	EndProjectSection
EndProject
Project("{9A19103F-16F7-4668-BE54-9A1E7A4F7556}") = "DependabotHelper.EndToEndTests", "tests\DependabotHelper.EndToEndTests\DependabotHelper.EndToEndTests.csproj", "{D3A273BE-65C1-45EA-A1F3-BBCC2E6F0282}"
EndProject
Project("{2150E333-8FDC-42A3-9474-1A3956D46DE8}") = "docs", "docs", "{EF9C21CA-0F1C-4E1F-A61D-3F90F237DF90}"
	ProjectSection(SolutionItems) = preProject
		docs\faqs.md = docs\faqs.md
		docs\README.md = docs\README.md
	EndProjectSection
EndProject
Project("{9A19103F-16F7-4668-BE54-9A1E7A4F7556}") = "DependabotHelper.AppHost", "src\DependabotHelper.AppHost\DependabotHelper.AppHost.csproj", "{1E3C26BD-B8D6-4E76-9558-586657C57301}"
EndProject
Project("{2150E333-8FDC-42A3-9474-1A3956D46DE8}") = "perf", "perf", "{5814B1E0-6694-45D4-9C46-495B865DC5A8}"
EndProject
Project("{FAE04EC0-301F-11D3-BF4B-00C04F79EFBC}") = "DependabotHelper.Benchmarks", "perf\DependabotHelper.Benchmarks\DependabotHelper.Benchmarks.csproj", "{9020A582-E59F-4D11-8F09-61A53AF62D45}"
EndProject
Global
	GlobalSection(SolutionConfigurationPlatforms) = preSolution
		Debug|Any CPU = Debug|Any CPU
		Release|Any CPU = Release|Any CPU
	EndGlobalSection
	GlobalSection(ProjectConfigurationPlatforms) = postSolution
		{6C11D0A1-877D-462E-90D6-9E0512256FC2}.Debug|Any CPU.ActiveCfg = Debug|Any CPU
		{6C11D0A1-877D-462E-90D6-9E0512256FC2}.Debug|Any CPU.Build.0 = Debug|Any CPU
		{6C11D0A1-877D-462E-90D6-9E0512256FC2}.Release|Any CPU.ActiveCfg = Release|Any CPU
		{6C11D0A1-877D-462E-90D6-9E0512256FC2}.Release|Any CPU.Build.0 = Release|Any CPU
		{43392602-CB9C-4CF1-95E2-8A3404B5F40E}.Debug|Any CPU.ActiveCfg = Debug|Any CPU
		{43392602-CB9C-4CF1-95E2-8A3404B5F40E}.Debug|Any CPU.Build.0 = Debug|Any CPU
		{43392602-CB9C-4CF1-95E2-8A3404B5F40E}.Release|Any CPU.ActiveCfg = Release|Any CPU
		{43392602-CB9C-4CF1-95E2-8A3404B5F40E}.Release|Any CPU.Build.0 = Release|Any CPU
		{D3A273BE-65C1-45EA-A1F3-BBCC2E6F0282}.Debug|Any CPU.ActiveCfg = Debug|Any CPU
		{D3A273BE-65C1-45EA-A1F3-BBCC2E6F0282}.Debug|Any CPU.Build.0 = Debug|Any CPU
		{D3A273BE-65C1-45EA-A1F3-BBCC2E6F0282}.Release|Any CPU.ActiveCfg = Release|Any CPU
		{D3A273BE-65C1-45EA-A1F3-BBCC2E6F0282}.Release|Any CPU.Build.0 = Release|Any CPU
		{1E3C26BD-B8D6-4E76-9558-586657C57301}.Debug|Any CPU.ActiveCfg = Debug|Any CPU
		{1E3C26BD-B8D6-4E76-9558-586657C57301}.Debug|Any CPU.Build.0 = Debug|Any CPU
		{1E3C26BD-B8D6-4E76-9558-586657C57301}.Release|Any CPU.ActiveCfg = Release|Any CPU
		{1E3C26BD-B8D6-4E76-9558-586657C57301}.Release|Any CPU.Build.0 = Release|Any CPU
		{9020A582-E59F-4D11-8F09-61A53AF62D45}.Debug|Any CPU.ActiveCfg = Debug|Any CPU
		{9020A582-E59F-4D11-8F09-61A53AF62D45}.Debug|Any CPU.Build.0 = Debug|Any CPU
		{9020A582-E59F-4D11-8F09-61A53AF62D45}.Release|Any CPU.ActiveCfg = Release|Any CPU
		{9020A582-E59F-4D11-8F09-61A53AF62D45}.Release|Any CPU.Build.0 = Release|Any CPU
	EndGlobalSection
	GlobalSection(SolutionProperties) = preSolution
		HideSolutionNode = FALSE
	EndGlobalSection
	GlobalSection(NestedProjects) = preSolution
		{6C11D0A1-877D-462E-90D6-9E0512256FC2} = {922D7DF2-F45E-4D41-9287-DC3F6A447671}
		{43392602-CB9C-4CF1-95E2-8A3404B5F40E} = {FD791692-13A5-47D7-ACEB-4B0B336B359D}
		{6BE67078-7233-42C0-80F9-CE4BFD2DCD6D} = {2808D3E0-7B58-4A2A-95BE-8027C4ED9918}
		{420A66E9-DD98-499A-8675-A1F1248C8D50} = {6BE67078-7233-42C0-80F9-CE4BFD2DCD6D}
		{DCA9533A-97AA-45FB-8BED-6F81CE1962EC} = {2808D3E0-7B58-4A2A-95BE-8027C4ED9918}
		{870BF5AC-0761-458C-B3DB-572420BC562B} = {6BE67078-7233-42C0-80F9-CE4BFD2DCD6D}
		{D3A273BE-65C1-45EA-A1F3-BBCC2E6F0282} = {FD791692-13A5-47D7-ACEB-4B0B336B359D}
		{EF9C21CA-0F1C-4E1F-A61D-3F90F237DF90} = {2808D3E0-7B58-4A2A-95BE-8027C4ED9918}
		{1E3C26BD-B8D6-4E76-9558-586657C57301} = {922D7DF2-F45E-4D41-9287-DC3F6A447671}
		{9020A582-E59F-4D11-8F09-61A53AF62D45} = {5814B1E0-6694-45D4-9C46-495B865DC5A8}
	EndGlobalSection
	GlobalSection(ExtensibilityGlobals) = postSolution
		SolutionGuid = {2F443F99-DDBC-4E35-A6A9-E790CA137404}
	EndGlobalSection
EndGlobal
